
Microsoft Visual Studio Solution File, Format Version 12.00
Project("{FAE04EC0-301F-11D3-BF4B-00C04F79EFBC}") = "SearchFunctionality", "SearchFunctionality\SearchFunctionality.csproj", "{2BBE2EA6-DBD3-419B-9BA3-E235FF9A7424}"
EndProject
Project("{FAE04EC0-301F-11D3-BF4B-00C04F79EFBC}") = "SearchFunctionality.Tests", "SearchFunctionality.Tests\SearchFunctionality.Tests.csproj", "{DCCA46B7-1630-4AC2-B176-59F1B8849FEF}"
EndProject
Global
	GlobalSection(SolutionConfigurationPlatforms) = preSolution
		Debug|Any CPU = Debug|Any CPU
		Release|Any CPU = Release|Any CPU
	EndGlobalSection
	GlobalSection(ProjectConfigurationPlatforms) = postSolution
		{2BBE2EA6-DBD3-419B-9BA3-E235FF9A7424}.Debug|Any CPU.ActiveCfg = Debug|Any CPU
		{2BBE2EA6-DBD3-419B-9BA3-E235FF9A7424}.Debug|Any CPU.Build.0 = Debug|Any CPU
		{2BBE2EA6-DBD3-419B-9BA3-E235FF9A7424}.Release|Any CPU.ActiveCfg = Release|Any CPU
		{2BBE2EA6-DBD3-419B-9BA3-E235FF9A7424}.Release|Any CPU.Build.0 = Release|Any CPU
		{DCCA46B7-1630-4AC2-B176-59F1B8849FEF}.Debug|Any CPU.ActiveCfg = Debug|Any CPU
		{DCCA46B7-1630-4AC2-B176-59F1B8849FEF}.Debug|Any CPU.Build.0 = Debug|Any CPU
		{DCCA46B7-1630-4AC2-B176-59F1B8849FEF}.Release|Any CPU.ActiveCfg = Release|Any CPU
		{DCCA46B7-1630-4AC2-B176-59F1B8849FEF}.Release|Any CPU.Build.0 = Release|Any CPU
	EndGlobalSection
EndGlobal
